
Microsoft Visual Studio Solution File, Format Version 12.00
# Visual Studio 15
VisualStudioVersion = 15.0.26403.3
MinimumVisualStudioVersion = 10.0.40219.1
Project("{FAE04EC0-301F-11D3-BF4B-00C04F79EFBC}") = "Carupano", "Carupano\Carupano.csproj", "{06FDC509-C23B-408A-931F-3CCE1A76189B}"
EndProject
Project("{FAE04EC0-301F-11D3-BF4B-00C04F79EFBC}") = "Carupano.UnitTests", "Carupano.UnitTests\Carupano.UnitTests.csproj", "{B9E2B76E-E3E7-47BE-824F-4983E7956A5F}"
EndProject
Project("{FAE04EC0-301F-11D3-BF4B-00C04F79EFBC}") = "Carupano.Specs", "Carupano.Specs\Carupano.Specs.csproj", "{F661F300-59A8-4497-8FEB-57152E32B58C}"
EndProject
Project("{2150E333-8FDC-42A3-9474-1A3956D46DE8}") = "Example", "Example", "{7101AA6F-C70B-453D-9F00-ED879FFEB4F9}"
EndProject
Project("{FAE04EC0-301F-11D3-BF4B-00C04F79EFBC}") = "CarupanoAir.Booking", "CarupanoAir.Booking\CarupanoAir.Booking.csproj", "{F2146539-12CA-4CF8-AE06-99DCD8343A28}"
EndProject
Project("{FAE04EC0-301F-11D3-BF4B-00C04F79EFBC}") = "CarupanoAir.Passenger", "CarupanoAir.Passenger\CarupanoAir.Passenger.csproj", "{D21D523B-8043-4693-B88D-0947FB4BB5C1}"
EndProject
Project("{FAE04EC0-301F-11D3-BF4B-00C04F79EFBC}") = "CarupanoAir.Booking.Commands", "CarupanoAir.Booking.Commands\CarupanoAir.Booking.Commands.csproj", "{F812E31B-BD90-456E-9172-5FCF815F2B9A}"
EndProject
Project("{FAE04EC0-301F-11D3-BF4B-00C04F79EFBC}") = "CarupanoAir.Booking.Events", "CarupanoAir.Booking.Events\CarupanoAir.Booking.Events.csproj", "{2ABA771A-2903-4F90-A41F-E9BB583B25D6}"
EndProject
Project("{FAE04EC0-301F-11D3-BF4B-00C04F79EFBC}") = "CarupanoAir.Route", "CarupanoAir.Route\CarupanoAir.Route.csproj", "{042978C1-049E-4544-88CB-369872DE4B21}"
EndProject
Project("{FAE04EC0-301F-11D3-BF4B-00C04F79EFBC}") = "CarupanoAir.Route.Commands", "CarupanoAir.Route.Commands\CarupanoAir.Route.Commands.csproj", "{84EA2D87-EC93-4CDD-B3AC-A837DFCCAF7E}"
EndProject
Project("{FAE04EC0-301F-11D3-BF4B-00C04F79EFBC}") = "CarupanoAir.Passenger.Commands", "CarupanoAir.Passenger.Commands\CarupanoAir.Passenger.Commands.csproj", "{0F80BB01-3F27-4E16-87A4-B64D183FF1BE}"
EndProject
Project("{FAE04EC0-301F-11D3-BF4B-00C04F79EFBC}") = "CarupanoAir.Passenger.Events", "CarupanoAir.Passenger.Events\CarupanoAir.Passenger.Events.csproj", "{38108406-0F1F-4CA9-AE26-61356D58463C}"
EndProject
Project("{FAE04EC0-301F-11D3-BF4B-00C04F79EFBC}") = "CarupanoAir.Notification", "CarupanoAir.Notification\CarupanoAir.Notification.csproj", "{B4775925-2B56-40F7-B996-AF187605D24C}"
EndProject
Project("{FAE04EC0-301F-11D3-BF4B-00C04F79EFBC}") = "CarupanoAir.Notification.Commands", "CarupanoAir.Notification.Commands\CarupanoAir.Notification.Commands.csproj", "{DE7C4985-3455-47FA-824A-662D75839780}"
EndProject
Project("{FAE04EC0-301F-11D3-BF4B-00C04F79EFBC}") = "CarupanoAir.Passenger.Projections", "CarupanoAir.Passenger.Projections\CarupanoAir.Passenger.Projections.csproj", "{E222240C-69A9-409A-BE38-0BBEC42F60B0}"
EndProject
Project("{FAE04EC0-301F-11D3-BF4B-00C04F79EFBC}") = "CarupanoAir.Passenger.Queries", "CarupanoAir.Passenger.Queries\CarupanoAir.Passenger.Queries.csproj", "{0707CC41-92C3-43B9-994B-8B7DEDF5479B}"
EndProject
Global
	GlobalSection(SolutionConfigurationPlatforms) = preSolution
		Debug|Any CPU = Debug|Any CPU
		Release|Any CPU = Release|Any CPU
	EndGlobalSection
	GlobalSection(ProjectConfigurationPlatforms) = postSolution
		{06FDC509-C23B-408A-931F-3CCE1A76189B}.Debug|Any CPU.ActiveCfg = Debug|Any CPU
		{06FDC509-C23B-408A-931F-3CCE1A76189B}.Debug|Any CPU.Build.0 = Debug|Any CPU
		{06FDC509-C23B-408A-931F-3CCE1A76189B}.Release|Any CPU.ActiveCfg = Release|Any CPU
		{06FDC509-C23B-408A-931F-3CCE1A76189B}.Release|Any CPU.Build.0 = Release|Any CPU
		{B9E2B76E-E3E7-47BE-824F-4983E7956A5F}.Debug|Any CPU.ActiveCfg = Debug|Any CPU
		{B9E2B76E-E3E7-47BE-824F-4983E7956A5F}.Debug|Any CPU.Build.0 = Debug|Any CPU
		{B9E2B76E-E3E7-47BE-824F-4983E7956A5F}.Release|Any CPU.ActiveCfg = Release|Any CPU
		{B9E2B76E-E3E7-47BE-824F-4983E7956A5F}.Release|Any CPU.Build.0 = Release|Any CPU
		{F661F300-59A8-4497-8FEB-57152E32B58C}.Debug|Any CPU.ActiveCfg = Debug|Any CPU
		{F661F300-59A8-4497-8FEB-57152E32B58C}.Debug|Any CPU.Build.0 = Debug|Any CPU
		{F661F300-59A8-4497-8FEB-57152E32B58C}.Release|Any CPU.ActiveCfg = Release|Any CPU
		{F661F300-59A8-4497-8FEB-57152E32B58C}.Release|Any CPU.Build.0 = Release|Any CPU
		{F2146539-12CA-4CF8-AE06-99DCD8343A28}.Debug|Any CPU.ActiveCfg = Debug|Any CPU
		{F2146539-12CA-4CF8-AE06-99DCD8343A28}.Debug|Any CPU.Build.0 = Debug|Any CPU
		{F2146539-12CA-4CF8-AE06-99DCD8343A28}.Release|Any CPU.ActiveCfg = Release|Any CPU
		{F2146539-12CA-4CF8-AE06-99DCD8343A28}.Release|Any CPU.Build.0 = Release|Any CPU
		{D21D523B-8043-4693-B88D-0947FB4BB5C1}.Debug|Any CPU.ActiveCfg = Debug|Any CPU
		{D21D523B-8043-4693-B88D-0947FB4BB5C1}.Debug|Any CPU.Build.0 = Debug|Any CPU
		{D21D523B-8043-4693-B88D-0947FB4BB5C1}.Release|Any CPU.ActiveCfg = Release|Any CPU
		{D21D523B-8043-4693-B88D-0947FB4BB5C1}.Release|Any CPU.Build.0 = Release|Any CPU
		{F812E31B-BD90-456E-9172-5FCF815F2B9A}.Debug|Any CPU.ActiveCfg = Debug|Any CPU
		{F812E31B-BD90-456E-9172-5FCF815F2B9A}.Debug|Any CPU.Build.0 = Debug|Any CPU
		{F812E31B-BD90-456E-9172-5FCF815F2B9A}.Release|Any CPU.ActiveCfg = Release|Any CPU
		{F812E31B-BD90-456E-9172-5FCF815F2B9A}.Release|Any CPU.Build.0 = Release|Any CPU
		{2ABA771A-2903-4F90-A41F-E9BB583B25D6}.Debug|Any CPU.ActiveCfg = Debug|Any CPU
		{2ABA771A-2903-4F90-A41F-E9BB583B25D6}.Debug|Any CPU.Build.0 = Debug|Any CPU
		{2ABA771A-2903-4F90-A41F-E9BB583B25D6}.Release|Any CPU.ActiveCfg = Release|Any CPU
		{2ABA771A-2903-4F90-A41F-E9BB583B25D6}.Release|Any CPU.Build.0 = Release|Any CPU
		{042978C1-049E-4544-88CB-369872DE4B21}.Debug|Any CPU.ActiveCfg = Debug|Any CPU
		{042978C1-049E-4544-88CB-369872DE4B21}.Debug|Any CPU.Build.0 = Debug|Any CPU
		{042978C1-049E-4544-88CB-369872DE4B21}.Release|Any CPU.ActiveCfg = Release|Any CPU
		{042978C1-049E-4544-88CB-369872DE4B21}.Release|Any CPU.Build.0 = Release|Any CPU
		{84EA2D87-EC93-4CDD-B3AC-A837DFCCAF7E}.Debug|Any CPU.ActiveCfg = Debug|Any CPU
		{84EA2D87-EC93-4CDD-B3AC-A837DFCCAF7E}.Debug|Any CPU.Build.0 = Debug|Any CPU
		{84EA2D87-EC93-4CDD-B3AC-A837DFCCAF7E}.Release|Any CPU.ActiveCfg = Release|Any CPU
		{84EA2D87-EC93-4CDD-B3AC-A837DFCCAF7E}.Release|Any CPU.Build.0 = Release|Any CPU
		{0F80BB01-3F27-4E16-87A4-B64D183FF1BE}.Debug|Any CPU.ActiveCfg = Debug|Any CPU
		{0F80BB01-3F27-4E16-87A4-B64D183FF1BE}.Debug|Any CPU.Build.0 = Debug|Any CPU
		{0F80BB01-3F27-4E16-87A4-B64D183FF1BE}.Release|Any CPU.ActiveCfg = Release|Any CPU
		{0F80BB01-3F27-4E16-87A4-B64D183FF1BE}.Release|Any CPU.Build.0 = Release|Any CPU
		{38108406-0F1F-4CA9-AE26-61356D58463C}.Debug|Any CPU.ActiveCfg = Debug|Any CPU
		{38108406-0F1F-4CA9-AE26-61356D58463C}.Debug|Any CPU.Build.0 = Debug|Any CPU
		{38108406-0F1F-4CA9-AE26-61356D58463C}.Release|Any CPU.ActiveCfg = Release|Any CPU
		{38108406-0F1F-4CA9-AE26-61356D58463C}.Release|Any CPU.Build.0 = Release|Any CPU
		{B4775925-2B56-40F7-B996-AF187605D24C}.Debug|Any CPU.ActiveCfg = Debug|Any CPU
		{B4775925-2B56-40F7-B996-AF187605D24C}.Debug|Any CPU.Build.0 = Debug|Any CPU
		{B4775925-2B56-40F7-B996-AF187605D24C}.Release|Any CPU.ActiveCfg = Release|Any CPU
		{B4775925-2B56-40F7-B996-AF187605D24C}.Release|Any CPU.Build.0 = Release|Any CPU
		{DE7C4985-3455-47FA-824A-662D75839780}.Debug|Any CPU.ActiveCfg = Debug|Any CPU
		{DE7C4985-3455-47FA-824A-662D75839780}.Debug|Any CPU.Build.0 = Debug|Any CPU
		{DE7C4985-3455-47FA-824A-662D75839780}.Release|Any CPU.ActiveCfg = Release|Any CPU
		{DE7C4985-3455-47FA-824A-662D75839780}.Release|Any CPU.Build.0 = Release|Any CPU
		{E222240C-69A9-409A-BE38-0BBEC42F60B0}.Debug|Any CPU.ActiveCfg = Debug|Any CPU
		{E222240C-69A9-409A-BE38-0BBEC42F60B0}.Debug|Any CPU.Build.0 = Debug|Any CPU
		{E222240C-69A9-409A-BE38-0BBEC42F60B0}.Release|Any CPU.ActiveCfg = Release|Any CPU
		{E222240C-69A9-409A-BE38-0BBEC42F60B0}.Release|Any CPU.Build.0 = Release|Any CPU
		{0707CC41-92C3-43B9-994B-8B7DEDF5479B}.Debug|Any CPU.ActiveCfg = Debug|Any CPU
		{0707CC41-92C3-43B9-994B-8B7DEDF5479B}.Debug|Any CPU.Build.0 = Debug|Any CPU
		{0707CC41-92C3-43B9-994B-8B7DEDF5479B}.Release|Any CPU.ActiveCfg = Release|Any CPU
		{0707CC41-92C3-43B9-994B-8B7DEDF5479B}.Release|Any CPU.Build.0 = Release|Any CPU
	EndGlobalSection
	GlobalSection(SolutionProperties) = preSolution
		HideSolutionNode = FALSE
	EndGlobalSection
	GlobalSection(NestedProjects) = preSolution
		{F2146539-12CA-4CF8-AE06-99DCD8343A28} = {7101AA6F-C70B-453D-9F00-ED879FFEB4F9}
		{D21D523B-8043-4693-B88D-0947FB4BB5C1} = {7101AA6F-C70B-453D-9F00-ED879FFEB4F9}
		{F812E31B-BD90-456E-9172-5FCF815F2B9A} = {7101AA6F-C70B-453D-9F00-ED879FFEB4F9}
		{2ABA771A-2903-4F90-A41F-E9BB583B25D6} = {7101AA6F-C70B-453D-9F00-ED879FFEB4F9}
		{042978C1-049E-4544-88CB-369872DE4B21} = {7101AA6F-C70B-453D-9F00-ED879FFEB4F9}
		{84EA2D87-EC93-4CDD-B3AC-A837DFCCAF7E} = {7101AA6F-C70B-453D-9F00-ED879FFEB4F9}
		{0F80BB01-3F27-4E16-87A4-B64D183FF1BE} = {7101AA6F-C70B-453D-9F00-ED879FFEB4F9}
		{38108406-0F1F-4CA9-AE26-61356D58463C} = {7101AA6F-C70B-453D-9F00-ED879FFEB4F9}
		{B4775925-2B56-40F7-B996-AF187605D24C} = {7101AA6F-C70B-453D-9F00-ED879FFEB4F9}
		{DE7C4985-3455-47FA-824A-662D75839780} = {7101AA6F-C70B-453D-9F00-ED879FFEB4F9}
		{E222240C-69A9-409A-BE38-0BBEC42F60B0} = {7101AA6F-C70B-453D-9F00-ED879FFEB4F9}
		{0707CC41-92C3-43B9-994B-8B7DEDF5479B} = {7101AA6F-C70B-453D-9F00-ED879FFEB4F9}
	EndGlobalSection
EndGlobal
